
Microsoft Visual Studio Solution File, Format Version 12.00
# Visual Studio Version 17
VisualStudioVersion = 17.5.33502.453
MinimumVisualStudioVersion = 10.0.40219.1
Project("{FAE04EC0-301F-11D3-BF4B-00C04F79EFBC}") = "marchMadness", "marchMadness.csproj", "{CAF62DF0-38D3-41EF-B281-64E33F8059C3}"
EndProject
Global
	GlobalSection(SolutionConfigurationPlatforms) = preSolution
		Debug|Any CPU = Debug|Any CPU
		Release|Any CPU = Release|Any CPU
	EndGlobalSection
	GlobalSection(ProjectConfigurationPlatforms) = postSolution
		{CAF62DF0-38D3-41EF-B281-64E33F8059C3}.Debug|Any CPU.ActiveCfg = Debug|Any CPU
		{CAF62DF0-38D3-41EF-B281-64E33F8059C3}.Debug|Any CPU.Build.0 = Debug|Any CPU
		{CAF62DF0-38D3-41EF-B281-64E33F8059C3}.Release|Any CPU.ActiveCfg = Release|Any CPU
		{CAF62DF0-38D3-41EF-B281-64E33F8059C3}.Release|Any CPU.Build.0 = Release|Any CPU
	EndGlobalSection
	GlobalSection(SolutionProperties) = preSolution
		HideSolutionNode = FALSE
	EndGlobalSection
	GlobalSection(ExtensibilityGlobals) = postSolution
		SolutionGuid = {0EC75E05-34BE-4032-A5A0-0FDA42D8D667}
	EndGlobalSection
EndGlobal
